
Microsoft Visual Studio Solution File, Format Version 12.00
# Visual Studio Version 17
VisualStudioVersion = 17.5.002.0
MinimumVisualStudioVersion = 10.0.40219.1
Project("{9A19103F-16F7-4668-BE54-9A1E7A4F7556}") = "Hangman", "Hangman.csproj", "{36D24006-A4BA-439A-A959-F32A2E722DAF}"
EndProject
Global
	GlobalSection(SolutionConfigurationPlatforms) = preSolution
		Debug|Any CPU = Debug|Any CPU
		Release|Any CPU = Release|Any CPU
	EndGlobalSection
	GlobalSection(ProjectConfigurationPlatforms) = postSolution
		{36D24006-A4BA-439A-A959-F32A2E722DAF}.Debug|Any CPU.ActiveCfg = Debug|Any CPU
		{36D24006-A4BA-439A-A959-F32A2E722DAF}.Debug|Any CPU.Build.0 = Debug|Any CPU
		{36D24006-A4BA-439A-A959-F32A2E722DAF}.Release|Any CPU.ActiveCfg = Release|Any CPU
		{36D24006-A4BA-439A-A959-F32A2E722DAF}.Release|Any CPU.Build.0 = Release|Any CPU
	EndGlobalSection
	GlobalSection(SolutionProperties) = preSolution
		HideSolutionNode = FALSE
	EndGlobalSection
	GlobalSection(ExtensibilityGlobals) = postSolution
		SolutionGuid = {15F09496-B6A0-4865-B8F4-56B472F5E690}
	EndGlobalSection
EndGlobal
